
Microsoft Visual Studio Solution File, Format Version 12.00
Project("{FAE04EC0-301F-11D3-BF4B-00C04F79EFBC}") = "Advanced2", "Advanced2\Advanced2.csproj", "{86F9EF8D-3D51-4EA6-A30E-BFEF7043337A}"
EndProject
Global
	GlobalSection(SolutionConfigurationPlatforms) = preSolution
		Debug|Any CPU = Debug|Any CPU
		Release|Any CPU = Release|Any CPU
	EndGlobalSection
	GlobalSection(ProjectConfigurationPlatforms) = postSolution
		{86F9EF8D-3D51-4EA6-A30E-BFEF7043337A}.Debug|Any CPU.ActiveCfg = Debug|Any CPU
		{86F9EF8D-3D51-4EA6-A30E-BFEF7043337A}.Debug|Any CPU.Build.0 = Debug|Any CPU
		{86F9EF8D-3D51-4EA6-A30E-BFEF7043337A}.Release|Any CPU.ActiveCfg = Release|Any CPU
		{86F9EF8D-3D51-4EA6-A30E-BFEF7043337A}.Release|Any CPU.Build.0 = Release|Any CPU
	EndGlobalSection
EndGlobal
